{
  "version": 4,
  "terraform_version": "1.15.8",
  "serial": 149,
  "lineage": "6d4468ea-06a5-fcc2-533b-91c1139a1512",
  "outputs": {
    "alertmanager_url": {
      "value": "http://localhost:9093",
      "type": "string"
    },
    "grafana_url": {
      "value": "http://localhost:3000",
      "type": "string"
    },
    "jenkins_admin_user": {
      "value": "admin",
      "type": "string"
    },
    "jenkins_agent_port": {
      "value": 50000,
      "type": "number"
    },
    "jenkins_container": {
      "value": "jenkins",
      "type": "string"
    },
    "jenkins_url": {
      "value": "http://192.168.238.50:8080",
      "type": "string"
    },
    "jenkins_volume": {
      "value": "jenkins_home",
      "type": "string"
    },
    "loki_url": {
      "value": "http://localhost:3100",
      "type": "string"
    },
    "otel_grpc_endpoint": {
      "value": "http://localhost:4317",
      "type": "string"
    },
    "otel_http_endpoint": {
      "value": "http://localhost:4318",
      "type": "string"
    },
    "prometheus_url": {
      "value": "http://localhost:9090",
      "type": "string"
    },
    "rabbitmq_amqp_endpoint": {
      "value": "amqp://localhost:5672",
      "type": "string"
    },
    "rabbitmq_management_url": {
      "value": "http://localhost:15672",
      "type": "string"
    },
    "redis_endpoint": {
      "value": "localhost:6379",
      "type": "string"
    },
    "registry_url": {
      "value": "http://localhost:5000",
      "type": "string"
    },
    "sqlserver_connection": {
      "value": "localhost:1433",
      "type": "string"
    },
    "sqlserver_port": {
      "value": 1433,
      "type": "number"
    },
    "vault_url": {
      "value": "http://localhost:8200",
      "type": "string"
    }
  },
  "resources": [
    {
      "mode": "managed",
      "type": "docker_network",
      "name": "monitoring",
      "provider": "provider[\"registry.terraform.io/kreuzwerker/docker\"]",
      "instances": [
        {
          "schema_version": 1,
          "attributes": {
            "attachable": false,
            "check_duplicate": null,
            "driver": "bridge",
            "id": "185142eb2b9fdc884a715d87aa18e94961a6b6f1ac836487265d14871a81a5a9",
            "ingress": false,
            "internal": false,
            "ipam_config": [
              {
                "aux_address": {},
                "gateway": "172.18.0.1",
                "ip_range": "",
                "subnet": "172.18.0.0/16"
              }
            ],
            "ipam_driver": "default",
            "ipam_options": {},
            "ipv6": false,
            "labels": [],
            "name": "monitoring",
            "options": {},
            "scope": "local"
          },
          "sensitive_attributes": [],
          "identity_schema_version": 0,
          "private": "eyJzY2hlbWFfdmVyc2lvbiI6IjEifQ=="
        }
      ]
    },
    {
      "module": "module.app_pipelines",
      "mode": "managed",
      "type": "jenkins_job",
      "name": "this",
      "provider": "provider[\"registry.terraform.io/taiidani/jenkins\"]",
      "instances": [
        {
          "index_key": "angular-app",
          "schema_version": 0,
          "attributes": {
            "folder": "",
            "id": "/job/angular-app",
            "name": "angular-app",
            "template": "\u003c?xml version=\"1.1\" encoding=\"UTF-8\"?\u003e\n\u003cflow-definition plugin=\"workflow-job@1595.v0ee1a_de2c0a_3\"\u003e\n  \u003cactions/\u003e\n  \u003cdescription\u003eTerraform-managed pipeline for earn-angular-app\u003c/description\u003e\n  \u003ckeepDependencies\u003efalse\u003c/keepDependencies\u003e\n  \u003cproperties/\u003e\n  \u003cdefinition class=\"org.jenkinsci.plugins.workflow.cps.CpsFlowDefinition\" plugin=\"workflow-cps@4370.v49a_6937566b_6\"\u003e\n    \u003cscript\u003epipeline {\n\n    agent any\n\n\n    environment {\n        IMAGE_NAME      = \u0026quot;192.168.238.50:5000/demo-angular-app\u0026quot;\n        CONTAINER_NAME  = \u0026quot;demo-angular-app\u0026quot;\n        CONTAINER_PORT  = \u0026quot;80\u0026quot;\n        HOST_PORT       = \u0026quot;4600\u0026quot;\n    }\n\n    stages {\n\n        stage(\u0026apos;Checkout\u0026apos;) {\n            steps {\n                git branch: \u0026quot;main\u0026quot;,\n                    credentialsId: \u0026quot;github-jenkins-pat\u0026quot;,\n                    url: \u0026quot;https://github.com/jafarulla15/DevOps-Demo-Angular.git\u0026quot;\n            }\n        }\n\n        stage(\u0026apos;Docker Build\u0026apos;) {\n            steps {\n                sh \u0026apos;\u0026apos;\u0026apos;\n                    docker build \\\n                      -t $IMAGE_NAME:$BUILD_NUMBER \\\n                      -t $IMAGE_NAME:latest .\n                \u0026apos;\u0026apos;\u0026apos;\n            }\n        }\n\n        stage(\u0026apos;Stop Existing Container\u0026apos;) {\n            steps {\n                sh \u0026apos;\u0026apos;\u0026apos;\n                    docker rm -f $CONTAINER_NAME || true\n                \u0026apos;\u0026apos;\u0026apos;\n            }\n        }\n\n        stage(\u0026apos;Run Application\u0026apos;) {\n            steps {\n                sh \u0026apos;\u0026apos;\u0026apos;\n                    docker run -d \\\n                      --name $CONTAINER_NAME \\\n                      --network monitoring \\\n                      -p $HOST_PORT:$CONTAINER_PORT \\\n                      $IMAGE_NAME:latest\n                \u0026apos;\u0026apos;\u0026apos;\n            }\n        }\n    }\n\n    post {\n\n        success {\n            echo \u0026apos;======================================\u0026apos;\n            echo \u0026apos;earn-angular-app deployment successful\u0026apos;\n            echo \u0026apos;======================================\u0026apos;\n        }\n\n        failure {\n            echo \u0026apos;earn-angular-app pipeline failed\u0026apos;\n        }\n\n        always {\n            cleanWs()\n        }\n    }\n}\n\u003c/script\u003e\n    \u003csandbox\u003etrue\u003c/sandbox\u003e\n  \u003c/definition\u003e\n  \u003ctriggers/\u003e\n  \u003cdisabled\u003efalse\u003c/disabled\u003e\n\u003c/flow-definition\u003e"
          },
          "sensitive_attributes": [],
          "identity_schema_version": 0,
          "private": "bnVsbA==",
          "dependencies": [
            "docker_network.monitoring",
            "module.docker.null_resource.docker_install",
            "module.jenkins.docker_container.jenkins",
            "module.jenkins.docker_image.jenkins",
            "module.jenkins.docker_volume.jenkins_home"
          ]
        },
        {
          "index_key": "dotnet-api",
          "schema_version": 0,
          "attributes": {
            "folder": "",
            "id": "/job/dotnet-api",
            "name": "dotnet-api",
            "template": "\u003c?xml version=\"1.1\" encoding=\"UTF-8\"?\u003e\n\u003cflow-definition plugin=\"workflow-job@1595.v0ee1a_de2c0a_3\"\u003e\n  \u003cactions/\u003e\n  \u003cdescription\u003eTerraform-managed pipeline for earn-dotnet-api\u003c/description\u003e\n  \u003ckeepDependencies\u003efalse\u003c/keepDependencies\u003e\n  \u003cproperties/\u003e\n  \u003cdefinition class=\"org.jenkinsci.plugins.workflow.cps.CpsFlowDefinition\" plugin=\"workflow-cps@4370.v49a_6937566b_6\"\u003e\n    \u003cscript\u003epipeline {\n\n    agent any\n\n\n    environment {\n        IMAGE_NAME      = \u0026quot;192.168.238.50:5000/demo-dotnet-api\u0026quot;\n        CONTAINER_NAME  = \u0026quot;demo-dotnet-api\u0026quot;\n        CONTAINER_PORT  = \u0026quot;8070\u0026quot;\n        HOST_PORT       = \u0026quot;5000\u0026quot;\n    }\n\n    stages {\n\n        stage(\u0026apos;Checkout\u0026apos;) {\n            steps {\n                git branch: \u0026quot;main\u0026quot;,\n                    credentialsId: \u0026quot;github-jenkins-pat\u0026quot;,\n                    url: \u0026quot;https://github.com/jafarulla15/DevOps-Demo-REST-Api.git\u0026quot;\n            }\n        }\n\n        stage(\u0026apos;Docker Build\u0026apos;) {\n            steps {\n                sh \u0026apos;\u0026apos;\u0026apos;\n                    docker build \\\n                      -t $IMAGE_NAME:$BUILD_NUMBER \\\n                      -t $IMAGE_NAME:latest .\n                \u0026apos;\u0026apos;\u0026apos;\n            }\n        }\n\n        stage(\u0026apos;Stop Existing Container\u0026apos;) {\n            steps {\n                sh \u0026apos;\u0026apos;\u0026apos;\n                    docker rm -f $CONTAINER_NAME || true\n                \u0026apos;\u0026apos;\u0026apos;\n            }\n        }\n\n        stage(\u0026apos;Run Application\u0026apos;) {\n            steps {\n                sh \u0026apos;\u0026apos;\u0026apos;\n                    docker run -d \\\n                      --name $CONTAINER_NAME \\\n                      --network monitoring \\\n                      -p $HOST_PORT:$CONTAINER_PORT \\\n                      $IMAGE_NAME:latest\n                \u0026apos;\u0026apos;\u0026apos;\n            }\n        }\n    }\n\n    post {\n\n        success {\n            echo \u0026apos;======================================\u0026apos;\n            echo \u0026apos;earn-dotnet-api deployment successful\u0026apos;\n            echo \u0026apos;======================================\u0026apos;\n        }\n\n        failure {\n            echo \u0026apos;earn-dotnet-api pipeline failed\u0026apos;\n        }\n\n        always {\n            cleanWs()\n        }\n    }\n}\n\u003c/script\u003e\n    \u003csandbox\u003etrue\u003c/sandbox\u003e\n  \u003c/definition\u003e\n  \u003ctriggers/\u003e\n  \u003cdisabled\u003efalse\u003c/disabled\u003e\n\u003c/flow-definition\u003e"
          },
          "sensitive_attributes": [],
          "identity_schema_version": 0,
          "private": "bnVsbA==",
          "dependencies": [
            "docker_network.monitoring",
            "module.docker.null_resource.docker_install",
            "module.jenkins.docker_container.jenkins",
            "module.jenkins.docker_image.jenkins",
            "module.jenkins.docker_volume.jenkins_home"
          ]
        },
        {
          "index_key": "dotnet-api2",
          "schema_version": 0,
          "attributes": {
            "folder": "",
            "id": "/job/dotnet-api2",
            "name": "dotnet-api2",
            "template": "\u003c?xml version=\"1.1\" encoding=\"UTF-8\"?\u003e\n\u003cflow-definition plugin=\"workflow-job@1595.v0ee1a_de2c0a_3\"\u003e\n  \u003cactions/\u003e\n  \u003cdescription\u003eTerraform-managed pipeline for earn-dotnet-api2\u003c/description\u003e\n  \u003ckeepDependencies\u003efalse\u003c/keepDependencies\u003e\n  \u003cproperties/\u003e\n  \u003cdefinition class=\"org.jenkinsci.plugins.workflow.cps.CpsFlowDefinition\" plugin=\"workflow-cps@4370.v49a_6937566b_6\"\u003e\n    \u003cscript\u003epipeline {\n\n    agent any\n\n\n    environment {\n        IMAGE_NAME      = \u0026quot;192.168.238.50:5001/demo-dotnet-api\u0026quot;\n        CONTAINER_NAME  = \u0026quot;demo-dotnet-api\u0026quot;\n        CONTAINER_PORT  = \u0026quot;8071\u0026quot;\n        HOST_PORT       = \u0026quot;5001\u0026quot;\n    }\n\n    stages {\n\n        stage(\u0026apos;Checkout\u0026apos;) {\n            steps {\n                git branch: \u0026quot;main\u0026quot;,\n                    credentialsId: \u0026quot;github-jenkins-pat\u0026quot;,\n                    url: \u0026quot;https://github.com/jafarulla15/DevOps-Demo-REST-Api.git\u0026quot;\n            }\n        }\n\n        stage(\u0026apos;Docker Build\u0026apos;) {\n            steps {\n                sh \u0026apos;\u0026apos;\u0026apos;\n                    docker build \\\n                      -t $IMAGE_NAME:$BUILD_NUMBER \\\n                      -t $IMAGE_NAME:latest .\n                \u0026apos;\u0026apos;\u0026apos;\n            }\n        }\n\n        stage(\u0026apos;Stop Existing Container\u0026apos;) {\n            steps {\n                sh \u0026apos;\u0026apos;\u0026apos;\n                    docker rm -f $CONTAINER_NAME || true\n                \u0026apos;\u0026apos;\u0026apos;\n            }\n        }\n\n        stage(\u0026apos;Run Application\u0026apos;) {\n            steps {\n                sh \u0026apos;\u0026apos;\u0026apos;\n                    docker run -d \\\n                      --name $CONTAINER_NAME \\\n                      --network monitoring \\\n                      -p $HOST_PORT:$CONTAINER_PORT \\\n                      $IMAGE_NAME:latest\n                \u0026apos;\u0026apos;\u0026apos;\n            }\n        }\n    }\n\n    post {\n\n        success {\n            echo \u0026apos;======================================\u0026apos;\n            echo \u0026apos;earn-dotnet-api2 deployment successful\u0026apos;\n            echo \u0026apos;======================================\u0026apos;\n        }\n\n        failure {\n            echo \u0026apos;earn-dotnet-api2 pipeline failed\u0026apos;\n        }\n\n        always {\n            cleanWs()\n        }\n    }\n}\n\u003c/script\u003e\n    \u003csandbox\u003etrue\u003c/sandbox\u003e\n  \u003c/definition\u003e\n  \u003ctriggers/\u003e\n  \u003cdisabled\u003efalse\u003c/disabled\u003e\n\u003c/flow-definition\u003e"
          },
          "sensitive_attributes": [],
          "identity_schema_version": 0,
          "private": "bnVsbA==",
          "dependencies": [
            "docker_network.monitoring",
            "module.docker.null_resource.docker_install",
            "module.jenkins.docker_container.jenkins",
            "module.jenkins.docker_image.jenkins",
            "module.jenkins.docker_volume.jenkins_home"
          ]
        }
      ]
    },
    {
      "module": "module.docker",
      "mode": "managed",
      "type": "null_resource",
      "name": "docker_install",
      "provider": "provider[\"registry.terraform.io/hashicorp/null\"]",
      "instances": [
        {
          "schema_version": 0,
          "attributes": {
            "id": "7698098101366422971",
            "triggers": null
          },
          "sensitive_attributes": [],
          "identity_schema_version": 0
        }
      ]
    },
    {
      "module": "module.jenkins",
      "mode": "managed",
      "type": "docker_container",
      "name": "jenkins",
      "provider": "provider[\"registry.terraform.io/kreuzwerker/docker\"]",
      "instances": [
        {
          "schema_version": 2,
          "attributes": {
            "attach": false,
            "bridge": "",
            "capabilities": [],
            "cgroup_parent": null,
            "cgroupns_mode": null,
            "command": [],
            "container_logs": null,
            "container_read_refresh_timeout_milliseconds": 15000,
            "cpu_period": null,
            "cpu_quota": null,
            "cpu_set": "",
            "cpu_shares": 0,
            "cpus": null,
            "destroy_grace_seconds": null,
            "devices": [],
            "dns": [],
            "dns_opts": [],
            "dns_search": [],
            "domainname": "",
            "entrypoint": [
              "/usr/bin/tini",
              "--",
              "/usr/local/bin/jenkins.sh"
            ],
            "env": [
              "CASC_JENKINS_CONFIG=/usr/share/jenkins/ref/jenkins.yaml",
              "JENKINS_ADMIN_PASSWORD=YourStrongPassword123!",
              "JENKINS_ADMIN_USER=admin",
              "JENKINS_HOST=192.168.238.50",
              "JENKINS_PORT=8080",
              "TZ=Asia/Dhaka"
            ],
            "exit_code": null,
            "gpus": null,
            "group_add": [],
            "healthcheck": [],
            "host": [],
            "hostname": "92b93a09aaa4",
            "id": "92b93a09aaa4d2cd50de1e4c4095e63a2d676d2cdacd421926fdd18a5a88aef4",
            "image": "sha256:70184eeb1e2c4df374acf39dbddcffdc90b1c29aac8adbdd4ecb5f7b8aaf1584",
            "init": false,
            "ipc_mode": "private",
            "labels": [],
            "log_driver": "json-file",
            "log_opts": {},
            "logs": false,
            "max_retry_count": 0,
            "memory": 0,
            "memory_reservation": 0,
            "memory_swap": 0,
            "mounts": [],
            "must_run": true,
            "name": "jenkins",
            "network_data": [
              {
                "gateway": "172.17.0.1",
                "global_ipv6_address": "",
                "global_ipv6_prefix_length": 0,
                "ip_address": "172.17.0.2",
                "ip_prefix_length": 16,
                "ipv6_gateway": "",
                "mac_address": "ba:15:00:87:d2:d7",
                "network_name": "bridge"
              }
            ],
            "network_mode": "bridge",
            "networks_advanced": [],
            "pid_mode": "",
            "ports": [
              {
                "external": 8080,
                "internal": 8080,
                "ip": "0.0.0.0",
                "protocol": "tcp"
              },
              {
                "external": 50000,
                "internal": 50000,
                "ip": "0.0.0.0",
                "protocol": "tcp"
              }
            ],
            "privileged": false,
            "publish_all_ports": false,
            "read_only": false,
            "remove_volumes": true,
            "restart": "unless-stopped",
            "rm": false,
            "runtime": "runc",
            "security_opts": [],
            "shm_size": 1073741824,
            "start": true,
            "stdin_open": false,
            "stop_signal": "",
            "stop_timeout": 0,
            "storage_opts": {},
            "sysctls": {},
            "tmpfs": {},
            "tty": false,
            "ulimit": [],
            "upload": [],
            "user": "root",
            "userns_mode": "",
            "volumes": [
              {
                "container_path": "/var/jenkins_home",
                "from_container": "",
                "host_path": "",
                "read_only": false,
                "volume_name": "jenkins_home"
              },
              {
                "container_path": "/var/run/docker.sock",
                "from_container": "",
                "host_path": "/var/run/docker.sock",
                "read_only": false,
                "volume_name": ""
              }
            ],
            "wait": false,
            "wait_timeout": 60,
            "working_dir": ""
          },
          "sensitive_attributes": [
            [
              {
                "type": "get_attr",
                "value": "env"
              }
            ]
          ],
          "identity_schema_version": 0,
          "private": "eyJzY2hlbWFfdmVyc2lvbiI6IjIifQ==",
          "dependencies": [
            "module.docker.null_resource.docker_install",
            "module.jenkins.docker_image.jenkins",
            "module.jenkins.docker_volume.jenkins_home"
          ]
        }
      ]
    },
    {
      "module": "module.jenkins",
      "mode": "managed",
      "type": "docker_image",
      "name": "jenkins",
      "provider": "provider[\"registry.terraform.io/kreuzwerker/docker\"]",
      "instances": [
        {
          "schema_version": 0,
          "attributes": {
            "build": [
              {
                "additional_contexts": [],
                "auth_config": [],
                "build_args": {},
                "build_id": "",
                "build_log_file": "",
                "builder": "",
                "cache_from": [],
                "cache_to": [],
                "cgroup_parent": "",
                "context": "modules/jenkins",
                "cpu_period": 0,
                "cpu_quota": 0,
                "cpu_set_cpus": "",
                "cpu_set_mems": "",
                "cpu_shares": 0,
                "dockerfile": "Dockerfile",
                "extra_hosts": [],
                "force_remove": false,
                "isolation": "",
                "label": {},
                "labels": {},
                "memory": 0,
                "memory_swap": 0,
                "network_mode": "",
                "no_cache": false,
                "platform": "",
                "pull_parent": false,
                "remote_context": "",
                "remove": true,
                "secrets": [],
                "security_opt": [],
                "session_id": "",
                "shm_size": 0,
                "squash": false,
                "suppress_output": false,
                "tag": [],
                "target": "",
                "ulimit": [],
                "version": ""
              }
            ],
            "force_remove": null,
            "id": "sha256:70184eeb1e2c4df374acf39dbddcffdc90b1c29aac8adbdd4ecb5f7b8aaf1584earn-jenkins:lts",
            "image_id": "sha256:70184eeb1e2c4df374acf39dbddcffdc90b1c29aac8adbdd4ecb5f7b8aaf1584",
            "keep_locally": true,
            "name": "earn-jenkins:lts",
            "platform": null,
            "pull_triggers": null,
            "repo_digest": "earn-jenkins@sha256:70184eeb1e2c4df374acf39dbddcffdc90b1c29aac8adbdd4ecb5f7b8aaf1584",
            "timeouts": null,
            "triggers": null
          },
          "sensitive_attributes": [],
          "identity_schema_version": 0,
          "private": "eyJlMmJmYjczMC1lY2FhLTExZTYtOGY4OC0zNDM2M2JjN2M0YzAiOnsiY3JlYXRlIjoxMjAwMDAwMDAwMDAwLCJkZWxldGUiOjEyMDAwMDAwMDAwMDAsInVwZGF0ZSI6MTIwMDAwMDAwMDAwMH19",
          "dependencies": [
            "module.docker.null_resource.docker_install"
          ]
        }
      ]
    },
    {
      "module": "module.jenkins",
      "mode": "managed",
      "type": "docker_volume",
      "name": "jenkins_home",
      "provider": "provider[\"registry.terraform.io/kreuzwerker/docker\"]",
      "instances": [
        {
          "schema_version": 1,
          "attributes": {
            "cluster": [],
            "driver": "local",
            "driver_opts": {},
            "id": "jenkins_home",
            "labels": [],
            "mountpoint": "/var/lib/docker/volumes/jenkins_home/_data",
            "name": "jenkins_home"
          },
          "sensitive_attributes": [],
          "identity_schema_version": 0,
          "private": "eyJzY2hlbWFfdmVyc2lvbiI6IjEifQ==",
          "dependencies": [
            "module.docker.null_resource.docker_install"
          ]
        }
      ]
    }
  ],
  "check_results": [
    {
      "object_kind": "var",
      "config_addr": "module.sqlserver.var.edition",
      "status": "unknown",
      "objects": null
    },
    {
      "object_kind": "var",
      "config_addr": "var.sqlserver_sa_password",
      "status": "unknown",
      "objects": null
    },
    {
      "object_kind": "var",
      "config_addr": "module.sqlserver.var.sa_password",
      "status": "unknown",
      "objects": null
    }
  ]
}
