{
  "version": 4,
  "terraform_version": "1.15.8",
  "serial": 189,
  "lineage": "6d4468ea-06a5-fcc2-533b-91c1139a1512",
  "outputs": {
    "alertmanager_url": {
      "value": "http://localhost:9093",
      "type": "string"
    },
    "application_image_locations": {
      "value": {
        "angular-app": "192.168.238.50:5000/demo-angular-app",
        "dotnet-api": "192.168.238.50:5000/demo-dotnet-api"
      },
      "type": [
        "object",
        {
          "angular-app": "string",
          "dotnet-api": "string"
        }
      ]
    },
    "application_jenkins_jobs": {
      "value": {
        "angular-app": "angular-app",
        "dotnet-api": "dotnet-api"
      },
      "type": [
        "object",
        {
          "angular-app": "string",
          "dotnet-api": "string"
        }
      ]
    },
    "application_urls": {
      "value": {
        "angular-app": "http://192.168.238.50:4600",
        "dotnet-api": "http://192.168.238.50:5001"
      },
      "type": [
        "object",
        {
          "angular-app": "string",
          "dotnet-api": "string"
        }
      ]
    },
    "docker_installation_status": {
      "value": "Docker installation completed",
      "type": "string"
    },
    "docker_server_ip": {
      "value": "192.168.238.50",
      "type": "string"
    },
    "grafana_container": {
      "value": "grafana",
      "type": "string"
    },
    "grafana_url": {
      "value": "http://localhost:3000",
      "type": "string"
    },
    "jenkins_admin_user": {
      "value": "admin",
      "type": "string"
    },
    "jenkins_agent_port": {
      "value": 50000,
      "type": "number"
    },
    "jenkins_container": {
      "value": "jenkins",
      "type": "string"
    },
    "jenkins_url": {
      "value": "http://192.168.238.50:8080",
      "type": "string"
    },
    "jenkins_volume": {
      "value": "jenkins_home",
      "type": "string"
    },
    "loki_url": {
      "value": "http://localhost:3100",
      "type": "string"
    },
    "otel_grpc_endpoint": {
      "value": "http://localhost:4317",
      "type": "string"
    },
    "otel_http_endpoint": {
      "value": "http://localhost:4318",
      "type": "string"
    },
    "prometheus_container": {
      "value": "prometheus",
      "type": "string"
    },
    "prometheus_url": {
      "value": "http://localhost:9090",
      "type": "string"
    },
    "rabbitmq_amqp_endpoint": {
      "value": "amqp://localhost:5672",
      "type": "string"
    },
    "rabbitmq_management_url": {
      "value": "http://localhost:15672",
      "type": "string"
    },
    "redis_endpoint": {
      "value": "localhost:6379",
      "type": "string"
    },
    "registry_url": {
      "value": "http://localhost:5000",
      "type": "string"
    },
    "server_ip": {
      "value": "192.168.238.50",
      "type": "string"
    },
    "server_name": {
      "value": "earn-training",
      "type": "string"
    },
    "sqlserver_connection": {
      "value": "localhost:1433",
      "type": "string"
    },
    "sqlserver_container": {
      "value": "sqlserver-express",
      "type": "string"
    },
    "sqlserver_port": {
      "value": 1433,
      "type": "number"
    },
    "sqlserver_volume": {
      "value": "sqlserver_data",
      "type": "string"
    },
    "vault_url": {
      "value": "http://localhost:8200",
      "type": "string"
    }
  },
  "resources": [
    {
      "mode": "managed",
      "type": "docker_network",
      "name": "monitoring",
      "provider": "provider[\"registry.terraform.io/kreuzwerker/docker\"]",
      "instances": [
        {
          "schema_version": 1,
          "attributes": {
            "attachable": false,
            "check_duplicate": null,
            "driver": "bridge",
            "id": "185142eb2b9fdc884a715d87aa18e94961a6b6f1ac836487265d14871a81a5a9",
            "ingress": false,
            "internal": false,
            "ipam_config": [
              {
                "aux_address": {},
                "gateway": "172.18.0.1",
                "ip_range": "",
                "subnet": "172.18.0.0/16"
              }
            ],
            "ipam_driver": "default",
            "ipam_options": {},
            "ipv6": false,
            "labels": [],
            "name": "monitoring",
            "options": {},
            "scope": "local"
          },
          "sensitive_attributes": [],
          "identity_schema_version": 0,
          "private": "eyJzY2hlbWFfdmVyc2lvbiI6IjEifQ=="
        }
      ]
    },
    {
      "module": "module.alertmanager",
      "mode": "managed",
      "type": "docker_container",
      "name": "this",
      "provider": "provider[\"registry.terraform.io/kreuzwerker/docker\"]",
      "instances": [
        {
          "schema_version": 2,
          "attributes": {
            "attach": false,
            "bridge": "",
            "capabilities": [],
            "cgroup_parent": null,
            "cgroupns_mode": null,
            "command": [
              "--config.file=/etc/alertmanager/alertmanager.yml",
              "--storage.path=/alertmanager"
            ],
            "container_logs": null,
            "container_read_refresh_timeout_milliseconds": 15000,
            "cpu_period": null,
            "cpu_quota": null,
            "cpu_set": "",
            "cpu_shares": 0,
            "cpus": null,
            "destroy_grace_seconds": null,
            "devices": [],
            "dns": null,
            "dns_opts": null,
            "dns_search": null,
            "domainname": "",
            "entrypoint": [
              "/bin/alertmanager"
            ],
            "env": [],
            "exit_code": null,
            "gpus": null,
            "group_add": null,
            "healthcheck": null,
            "host": [],
            "hostname": "eff311de4302",
            "id": "eff311de43025c1c6939cce74c8b8e08306a5468134c61d75ad51fb06575cb0f",
            "image": "prom/alertmanager:latest",
            "init": false,
            "ipc_mode": "private",
            "labels": [],
            "log_driver": "json-file",
            "log_opts": null,
            "logs": false,
            "max_retry_count": 0,
            "memory": 0,
            "memory_reservation": 0,
            "memory_swap": 0,
            "mounts": [],
            "must_run": true,
            "name": "alertmanager",
            "network_data": [
              {
                "gateway": "172.18.0.1",
                "global_ipv6_address": "",
                "global_ipv6_prefix_length": 0,
                "ip_address": "172.18.0.12",
                "ip_prefix_length": 16,
                "ipv6_gateway": "",
                "mac_address": "0a:75:ec:2a:16:a6",
                "network_name": "monitoring"
              }
            ],
            "network_mode": "bridge",
            "networks_advanced": [
              {
                "aliases": [],
                "ipv4_address": "",
                "ipv6_address": "",
                "mac_address": "",
                "name": "monitoring"
              }
            ],
            "pid_mode": "",
            "ports": [
              {
                "external": 9093,
                "internal": 9093,
                "ip": "0.0.0.0",
                "protocol": "tcp"
              }
            ],
            "privileged": false,
            "publish_all_ports": false,
            "read_only": false,
            "remove_volumes": true,
            "restart": "unless-stopped",
            "rm": false,
            "runtime": "runc",
            "security_opts": [],
            "shm_size": 64,
            "start": true,
            "stdin_open": false,
            "stop_signal": "",
            "stop_timeout": 0,
            "storage_opts": null,
            "sysctls": null,
            "tmpfs": null,
            "tty": false,
            "ulimit": [],
            "upload": [],
            "user": "nobody",
            "userns_mode": "",
            "volumes": [
              {
                "container_path": "/alertmanager",
                "from_container": "",
                "host_path": "",
                "read_only": null,
                "volume_name": "alertmanager_data"
              },
              {
                "container_path": "/etc/alertmanager/alertmanager.yml",
                "from_container": "",
                "host_path": "/home/jafar/DevOps-Automation/DevOps-automation-playground/terraform/training/configs/alertmanager/alertmanager.yml",
                "read_only": true,
                "volume_name": ""
              }
            ],
            "wait": false,
            "wait_timeout": 60,
            "working_dir": "/alertmanager"
          },
          "sensitive_attributes": [],
          "identity_schema_version": 0,
          "private": "eyJzY2hlbWFfdmVyc2lvbiI6IjIifQ==",
          "dependencies": [
            "docker_network.monitoring",
            "module.alertmanager.docker_volume.data",
            "module.docker.null_resource.docker_install"
          ]
        }
      ]
    },
    {
      "module": "module.alertmanager",
      "mode": "managed",
      "type": "docker_volume",
      "name": "data",
      "provider": "provider[\"registry.terraform.io/kreuzwerker/docker\"]",
      "instances": [
        {
          "schema_version": 1,
          "attributes": {
            "cluster": [],
            "driver": "local",
            "driver_opts": null,
            "id": "alertmanager_data",
            "labels": [],
            "mountpoint": "/var/lib/docker/volumes/alertmanager_data/_data",
            "name": "alertmanager_data"
          },
          "sensitive_attributes": [],
          "identity_schema_version": 0,
          "private": "eyJzY2hlbWFfdmVyc2lvbiI6IjEifQ==",
          "dependencies": [
            "module.docker.null_resource.docker_install"
          ]
        }
      ]
    },
    {
      "module": "module.app_pipelines",
      "mode": "managed",
      "type": "jenkins_job",
      "name": "this",
      "provider": "provider[\"registry.terraform.io/taiidani/jenkins\"]",
      "instances": [
        {
          "index_key": "angular-app",
          "schema_version": 0,
          "attributes": {
            "folder": "",
            "id": "/job/angular-app",
            "name": "angular-app",
            "template": "\u003c?xml version=\"1.1\" encoding=\"UTF-8\"?\u003e\n\u003cflow-definition plugin=\"workflow-job@1595.v0ee1a_de2c0a_3\"\u003e\n  \u003cactions/\u003e\n  \u003cdescription\u003eTerraform-managed pipeline for earn-angular-app\u003c/description\u003e\n  \u003ckeepDependencies\u003efalse\u003c/keepDependencies\u003e\n  \u003cproperties/\u003e\n  \u003cdefinition class=\"org.jenkinsci.plugins.workflow.cps.CpsFlowDefinition\" plugin=\"workflow-cps@4370.v49a_6937566b_6\"\u003e\n    \u003cscript\u003epipeline {\n\n    agent any\n\n    triggers {\n        cron(\u0026apos;H/10 * * * *\u0026apos;)\n    }\n\n    environment {\n        IMAGE_NAME      = \u0026quot;192.168.238.50:5000/demo-angular-app\u0026quot;\n        CONTAINER_NAME  = \u0026quot;demo-angular-app\u0026quot;\n        CONTAINER_PORT  = \u0026quot;80\u0026quot;\n        HOST_PORT       = \u0026quot;4600\u0026quot;\n        DEPLOY_STATE_FILE = \u0026quot;/var/jenkins_home/pipeline-state/demo-angular-app.sha\u0026quot;\n    }\n\n    stages {\n\n        stage(\u0026apos;Checkout\u0026apos;) {\n            steps {\n                git branch: \u0026quot;main\u0026quot;,\n                    credentialsId: \u0026quot;github-jenkins-pat\u0026quot;,\n                    url: \u0026quot;https://github.com/jafarulla15/DevOps-Demo-Angular.git\u0026quot;\n            }\n        }\n\n        stage(\u0026apos;Check Deploy Trigger\u0026apos;) {\n            steps {\n                script {\n                    def latestCommit = sh(script: \u0026apos;git log -1 --pretty=%H\u0026apos;, returnStdout: true).trim()\n                    def commitMessage = sh(script: \u0026apos;git log -1 --pretty=%B\u0026apos;, returnStdout: true).trim()\n\n                    sh \u0026apos;mkdir -p /var/jenkins_home/pipeline-state\u0026apos;\n                    def previousCommit = fileExists(env.DEPLOY_STATE_FILE) ? readFile(env.DEPLOY_STATE_FILE).trim() : \u0026apos;\u0026apos;\n\n                    def isNewCommit = (latestCommit != previousCommit)\n                    def hasTriggerPhrase = commitMessage.toLowerCase().contains(\u0026apos;deploy it now\u0026apos;)\n\n                    env.LATEST_COMMIT = latestCommit\n                    env.SHOULD_DEPLOY = (isNewCommit \u0026amp;\u0026amp; hasTriggerPhrase) ? \u0026apos;true\u0026apos; : \u0026apos;false\u0026apos;\n\n                    echo \u0026quot;Latest commit: ${latestCommit}\u0026quot;\n                    echo \u0026quot;Commit message: ${commitMessage}\u0026quot;\n                    echo \u0026quot;New commit since last check: ${isNewCommit}\u0026quot;\n                    echo \u0026quot;Contains deploy trigger phrase (\u0026apos;deploy it now\u0026apos;): ${hasTriggerPhrase}\u0026quot;\n                    echo \u0026quot;Will deploy: ${env.SHOULD_DEPLOY}\u0026quot;\n                }\n            }\n        }\n\n        stage(\u0026apos;Docker Build\u0026apos;) {\n            when {\n                environment name: \u0026apos;SHOULD_DEPLOY\u0026apos;, value: \u0026apos;true\u0026apos;\n            }\n            steps {\n                script {\n                    env.OLD_IMAGE_ID = sh(script: \u0026apos;docker images -q $IMAGE_NAME:latest\u0026apos;, returnStdout: true).trim()\n                }\n                sh \u0026apos;\u0026apos;\u0026apos;\n                    if [ -n \u0026quot;$OLD_IMAGE_ID\u0026quot; ]; then\n                        docker tag \u0026quot;$OLD_IMAGE_ID\u0026quot; $IMAGE_NAME:backup\n                    fi\n                    docker build \\\n                      -t $IMAGE_NAME:$BUILD_NUMBER \\\n                      -t $IMAGE_NAME:latest .\n                \u0026apos;\u0026apos;\u0026apos;\n            }\n        }\n\n        stage(\u0026apos;Stop Existing Container\u0026apos;) {\n            when {\n                environment name: \u0026apos;SHOULD_DEPLOY\u0026apos;, value: \u0026apos;true\u0026apos;\n            }\n            steps {\n                sh \u0026apos;\u0026apos;\u0026apos;\n                    docker rm -f $CONTAINER_NAME || true\n                \u0026apos;\u0026apos;\u0026apos;\n            }\n        }\n\n        stage(\u0026apos;Run Application\u0026apos;) {\n            when {\n                environment name: \u0026apos;SHOULD_DEPLOY\u0026apos;, value: \u0026apos;true\u0026apos;\n            }\n            steps {\n                sh \u0026apos;\u0026apos;\u0026apos;\n                    docker run -d \\\n                      --name $CONTAINER_NAME \\\n                      --network monitoring \\\n                      -p $HOST_PORT:$CONTAINER_PORT \\\n                      $IMAGE_NAME:latest\n                \u0026apos;\u0026apos;\u0026apos;\n            }\n        }\n\n        stage(\u0026apos;Backup Old Image\u0026apos;) {\n            when {\n                environment name: \u0026apos;SHOULD_DEPLOY\u0026apos;, value: \u0026apos;true\u0026apos;\n            }\n            steps {\n                sh \u0026apos;\u0026apos;\u0026apos;\n                    if [ -n \u0026quot;$OLD_IMAGE_ID\u0026quot; ]; then\n                        echo \u0026quot;Previous image kept as $IMAGE_NAME:backup ($OLD_IMAGE_ID)\u0026quot;\n                    else\n                        echo \u0026quot;No previous image - nothing to back up on this build\u0026quot;\n                    fi\n                \u0026apos;\u0026apos;\u0026apos;\n            }\n        }\n\n        stage(\u0026apos;Record Deployed Commit\u0026apos;) {\n            when {\n                environment name: \u0026apos;SHOULD_DEPLOY\u0026apos;, value: \u0026apos;true\u0026apos;\n            }\n            steps {\n                writeFile file: env.DEPLOY_STATE_FILE, text: env.LATEST_COMMIT\n            }\n        }\n    }\n\n    post {\n\n        success {\n            echo \u0026apos;======================================\u0026apos;\n            echo \u0026apos;earn-angular-app deployment successful\u0026apos;\n            echo \u0026apos;======================================\u0026apos;\n        }\n\n        failure {\n            echo \u0026apos;earn-angular-app pipeline failed\u0026apos;\n        }\n\n        always {\n            cleanWs()\n        }\n    }\n}\n\u003c/script\u003e\n    \u003csandbox\u003etrue\u003c/sandbox\u003e\n  \u003c/definition\u003e\n  \u003ctriggers/\u003e\n  \u003cdisabled\u003efalse\u003c/disabled\u003e\n\u003c/flow-definition\u003e"
          },
          "sensitive_attributes": [],
          "identity_schema_version": 0,
          "private": "bnVsbA==",
          "dependencies": [
            "docker_network.monitoring",
            "module.docker.null_resource.docker_install",
            "module.jenkins.docker_container.jenkins",
            "module.jenkins.docker_image.jenkins",
            "module.jenkins.docker_volume.jenkins_home"
          ]
        },
        {
          "index_key": "dotnet-api",
          "schema_version": 0,
          "attributes": {
            "folder": "",
            "id": "/job/dotnet-api",
            "name": "dotnet-api",
            "template": "\u003c?xml version=\"1.1\" encoding=\"UTF-8\"?\u003e\n\u003cflow-definition plugin=\"workflow-job@1595.v0ee1a_de2c0a_3\"\u003e\n  \u003cactions/\u003e\n  \u003cdescription\u003eTerraform-managed pipeline for earn-dotnet-api\u003c/description\u003e\n  \u003ckeepDependencies\u003efalse\u003c/keepDependencies\u003e\n  \u003cproperties/\u003e\n  \u003cdefinition class=\"org.jenkinsci.plugins.workflow.cps.CpsFlowDefinition\" plugin=\"workflow-cps@4370.v49a_6937566b_6\"\u003e\n    \u003cscript\u003epipeline {\n\n    agent any\n\n    triggers {\n        cron(\u0026apos;H/10 * * * *\u0026apos;)\n    }\n\n    environment {\n        IMAGE_NAME      = \u0026quot;192.168.238.50:5000/demo-dotnet-api\u0026quot;\n        CONTAINER_NAME  = \u0026quot;demo-dotnet-api\u0026quot;\n        CONTAINER_PORT  = \u0026quot;8070\u0026quot;\n        HOST_PORT       = \u0026quot;5001\u0026quot;\n        DEPLOY_STATE_FILE = \u0026quot;/var/jenkins_home/pipeline-state/demo-dotnet-api.sha\u0026quot;\n    }\n\n    stages {\n\n        stage(\u0026apos;Checkout\u0026apos;) {\n            steps {\n                git branch: \u0026quot;main\u0026quot;,\n                    credentialsId: \u0026quot;github-jenkins-pat\u0026quot;,\n                    url: \u0026quot;https://github.com/jafarulla15/DevOps-Demo-REST-Api.git\u0026quot;\n            }\n        }\n\n        stage(\u0026apos;Check Deploy Trigger\u0026apos;) {\n            steps {\n                script {\n                    def latestCommit = sh(script: \u0026apos;git log -1 --pretty=%H\u0026apos;, returnStdout: true).trim()\n                    def commitMessage = sh(script: \u0026apos;git log -1 --pretty=%B\u0026apos;, returnStdout: true).trim()\n\n                    sh \u0026apos;mkdir -p /var/jenkins_home/pipeline-state\u0026apos;\n                    def previousCommit = fileExists(env.DEPLOY_STATE_FILE) ? readFile(env.DEPLOY_STATE_FILE).trim() : \u0026apos;\u0026apos;\n\n                    def isNewCommit = (latestCommit != previousCommit)\n                    def hasTriggerPhrase = commitMessage.toLowerCase().contains(\u0026apos;deploy it now\u0026apos;)\n\n                    env.LATEST_COMMIT = latestCommit\n                    env.SHOULD_DEPLOY = (isNewCommit \u0026amp;\u0026amp; hasTriggerPhrase) ? \u0026apos;true\u0026apos; : \u0026apos;false\u0026apos;\n\n                    echo \u0026quot;Latest commit: ${latestCommit}\u0026quot;\n                    echo \u0026quot;Commit message: ${commitMessage}\u0026quot;\n                    echo \u0026quot;New commit since last check: ${isNewCommit}\u0026quot;\n                    echo \u0026quot;Contains deploy trigger phrase (\u0026apos;deploy it now\u0026apos;): ${hasTriggerPhrase}\u0026quot;\n                    echo \u0026quot;Will deploy: ${env.SHOULD_DEPLOY}\u0026quot;\n                }\n            }\n        }\n\n        stage(\u0026apos;Docker Build\u0026apos;) {\n            when {\n                environment name: \u0026apos;SHOULD_DEPLOY\u0026apos;, value: \u0026apos;true\u0026apos;\n            }\n            steps {\n                script {\n                    env.OLD_IMAGE_ID = sh(script: \u0026apos;docker images -q $IMAGE_NAME:latest\u0026apos;, returnStdout: true).trim()\n                }\n                sh \u0026apos;\u0026apos;\u0026apos;\n                    if [ -n \u0026quot;$OLD_IMAGE_ID\u0026quot; ]; then\n                        docker tag \u0026quot;$OLD_IMAGE_ID\u0026quot; $IMAGE_NAME:backup\n                    fi\n                    docker build \\\n                      -t $IMAGE_NAME:$BUILD_NUMBER \\\n                      -t $IMAGE_NAME:latest .\n                \u0026apos;\u0026apos;\u0026apos;\n            }\n        }\n\n        stage(\u0026apos;Stop Existing Container\u0026apos;) {\n            when {\n                environment name: \u0026apos;SHOULD_DEPLOY\u0026apos;, value: \u0026apos;true\u0026apos;\n            }\n            steps {\n                sh \u0026apos;\u0026apos;\u0026apos;\n                    docker rm -f $CONTAINER_NAME || true\n                \u0026apos;\u0026apos;\u0026apos;\n            }\n        }\n\n        stage(\u0026apos;Run Application\u0026apos;) {\n            when {\n                environment name: \u0026apos;SHOULD_DEPLOY\u0026apos;, value: \u0026apos;true\u0026apos;\n            }\n            steps {\n                sh \u0026apos;\u0026apos;\u0026apos;\n                    docker run -d \\\n                      --name $CONTAINER_NAME \\\n                      --network monitoring \\\n                      -p $HOST_PORT:$CONTAINER_PORT \\\n                      $IMAGE_NAME:latest\n                \u0026apos;\u0026apos;\u0026apos;\n            }\n        }\n\n        stage(\u0026apos;Backup Old Image\u0026apos;) {\n            when {\n                environment name: \u0026apos;SHOULD_DEPLOY\u0026apos;, value: \u0026apos;true\u0026apos;\n            }\n            steps {\n                sh \u0026apos;\u0026apos;\u0026apos;\n                    if [ -n \u0026quot;$OLD_IMAGE_ID\u0026quot; ]; then\n                        echo \u0026quot;Previous image kept as $IMAGE_NAME:backup ($OLD_IMAGE_ID)\u0026quot;\n                    else\n                        echo \u0026quot;No previous image - nothing to back up on this build\u0026quot;\n                    fi\n                \u0026apos;\u0026apos;\u0026apos;\n            }\n        }\n\n        stage(\u0026apos;Record Deployed Commit\u0026apos;) {\n            when {\n                environment name: \u0026apos;SHOULD_DEPLOY\u0026apos;, value: \u0026apos;true\u0026apos;\n            }\n            steps {\n                writeFile file: env.DEPLOY_STATE_FILE, text: env.LATEST_COMMIT\n            }\n        }\n    }\n\n    post {\n\n        success {\n            echo \u0026apos;======================================\u0026apos;\n            echo \u0026apos;earn-dotnet-api deployment successful\u0026apos;\n            echo \u0026apos;======================================\u0026apos;\n        }\n\n        failure {\n            echo \u0026apos;earn-dotnet-api pipeline failed\u0026apos;\n        }\n\n        always {\n            cleanWs()\n        }\n    }\n}\n\u003c/script\u003e\n    \u003csandbox\u003etrue\u003c/sandbox\u003e\n  \u003c/definition\u003e\n  \u003ctriggers/\u003e\n  \u003cdisabled\u003efalse\u003c/disabled\u003e\n\u003c/flow-definition\u003e"
          },
          "sensitive_attributes": [],
          "identity_schema_version": 0,
          "private": "bnVsbA==",
          "dependencies": [
            "docker_network.monitoring",
            "module.docker.null_resource.docker_install",
            "module.jenkins.docker_container.jenkins",
            "module.jenkins.docker_image.jenkins",
            "module.jenkins.docker_volume.jenkins_home"
          ]
        }
      ]
    },
    {
      "module": "module.docker",
      "mode": "managed",
      "type": "null_resource",
      "name": "docker_install",
      "provider": "provider[\"registry.terraform.io/hashicorp/null\"]",
      "instances": [
        {
          "schema_version": 0,
          "attributes": {
            "id": "7698098101366422971",
            "triggers": null
          },
          "sensitive_attributes": [],
          "identity_schema_version": 0
        }
      ]
    },
    {
      "module": "module.grafana",
      "mode": "managed",
      "type": "docker_container",
      "name": "grafana",
      "provider": "provider[\"registry.terraform.io/kreuzwerker/docker\"]",
      "instances": [
        {
          "schema_version": 2,
          "attributes": {
            "attach": false,
            "bridge": "",
            "capabilities": [],
            "cgroup_parent": null,
            "cgroupns_mode": null,
            "command": [],
            "container_logs": null,
            "container_read_refresh_timeout_milliseconds": 15000,
            "cpu_period": null,
            "cpu_quota": null,
            "cpu_set": "",
            "cpu_shares": 0,
            "cpus": null,
            "destroy_grace_seconds": null,
            "devices": [],
            "dns": null,
            "dns_opts": null,
            "dns_search": null,
            "domainname": "",
            "entrypoint": [
              "/run.sh"
            ],
            "env": [
              "GF_SECURITY_ADMIN_PASSWORD=YourStrongPassword123!",
              "GF_SECURITY_ADMIN_USER=admin",
              "GF_USERS_ALLOW_SIGN_UP=false"
            ],
            "exit_code": null,
            "gpus": null,
            "group_add": null,
            "healthcheck": null,
            "host": [],
            "hostname": "f147b08449e1",
            "id": "f147b08449e165afdcfc6b1955ac361b7c3efedcb97d91ea7d57be6810abe372",
            "image": "grafana/grafana:latest",
            "init": false,
            "ipc_mode": "private",
            "labels": [],
            "log_driver": "json-file",
            "log_opts": null,
            "logs": false,
            "max_retry_count": 0,
            "memory": 0,
            "memory_reservation": 0,
            "memory_swap": 0,
            "mounts": [],
            "must_run": true,
            "name": "grafana",
            "network_data": [
              {
                "gateway": "172.18.0.1",
                "global_ipv6_address": "",
                "global_ipv6_prefix_length": 0,
                "ip_address": "172.18.0.9",
                "ip_prefix_length": 16,
                "ipv6_gateway": "",
                "mac_address": "ce:17:03:95:06:f2",
                "network_name": "monitoring"
              }
            ],
            "network_mode": "bridge",
            "networks_advanced": [
              {
                "aliases": [],
                "ipv4_address": "",
                "ipv6_address": "",
                "mac_address": "",
                "name": "monitoring"
              }
            ],
            "pid_mode": "",
            "ports": [
              {
                "external": 3000,
                "internal": 3000,
                "ip": "0.0.0.0",
                "protocol": "tcp"
              }
            ],
            "privileged": false,
            "publish_all_ports": false,
            "read_only": false,
            "remove_volumes": true,
            "restart": "unless-stopped",
            "rm": false,
            "runtime": "runc",
            "security_opts": [],
            "shm_size": 64,
            "start": true,
            "stdin_open": false,
            "stop_signal": "",
            "stop_timeout": 0,
            "storage_opts": null,
            "sysctls": null,
            "tmpfs": null,
            "tty": false,
            "ulimit": [],
            "upload": [],
            "user": "472",
            "userns_mode": "",
            "volumes": [
              {
                "container_path": "/var/lib/grafana",
                "from_container": "",
                "host_path": "",
                "read_only": null,
                "volume_name": "grafana_data"
              }
            ],
            "wait": false,
            "wait_timeout": 60,
            "working_dir": "/usr/share/grafana"
          },
          "sensitive_attributes": [
            [
              {
                "type": "get_attr",
                "value": "env"
              }
            ]
          ],
          "identity_schema_version": 0,
          "private": "eyJzY2hlbWFfdmVyc2lvbiI6IjIifQ==",
          "dependencies": [
            "docker_network.monitoring",
            "module.docker.null_resource.docker_install",
            "module.grafana.docker_volume.grafana_data"
          ]
        }
      ]
    },
    {
      "module": "module.grafana",
      "mode": "managed",
      "type": "docker_volume",
      "name": "grafana_data",
      "provider": "provider[\"registry.terraform.io/kreuzwerker/docker\"]",
      "instances": [
        {
          "schema_version": 1,
          "attributes": {
            "cluster": [],
            "driver": "local",
            "driver_opts": null,
            "id": "grafana_data",
            "labels": [],
            "mountpoint": "/var/lib/docker/volumes/grafana_data/_data",
            "name": "grafana_data"
          },
          "sensitive_attributes": [],
          "identity_schema_version": 0,
          "private": "eyJzY2hlbWFfdmVyc2lvbiI6IjEifQ==",
          "dependencies": [
            "module.docker.null_resource.docker_install"
          ]
        }
      ]
    },
    {
      "module": "module.jenkins",
      "mode": "managed",
      "type": "docker_container",
      "name": "jenkins",
      "provider": "provider[\"registry.terraform.io/kreuzwerker/docker\"]",
      "instances": [
        {
          "schema_version": 2,
          "attributes": {
            "attach": false,
            "bridge": "",
            "capabilities": [],
            "cgroup_parent": null,
            "cgroupns_mode": null,
            "command": [],
            "container_logs": null,
            "container_read_refresh_timeout_milliseconds": 15000,
            "cpu_period": null,
            "cpu_quota": null,
            "cpu_set": "",
            "cpu_shares": 0,
            "cpus": null,
            "destroy_grace_seconds": null,
            "devices": [],
            "dns": [],
            "dns_opts": [],
            "dns_search": [],
            "domainname": "",
            "entrypoint": [
              "/usr/bin/tini",
              "--",
              "/usr/local/bin/jenkins.sh"
            ],
            "env": [
              "CASC_JENKINS_CONFIG=/usr/share/jenkins/ref/jenkins.yaml",
              "JENKINS_ADMIN_PASSWORD=YourStrongPassword123!",
              "JENKINS_ADMIN_USER=admin",
              "JENKINS_HOST=192.168.238.50",
              "JENKINS_PORT=8080",
              "TZ=Asia/Dhaka"
            ],
            "exit_code": null,
            "gpus": null,
            "group_add": [],
            "healthcheck": [],
            "host": [],
            "hostname": "92b93a09aaa4",
            "id": "92b93a09aaa4d2cd50de1e4c4095e63a2d676d2cdacd421926fdd18a5a88aef4",
            "image": "sha256:70184eeb1e2c4df374acf39dbddcffdc90b1c29aac8adbdd4ecb5f7b8aaf1584",
            "init": false,
            "ipc_mode": "private",
            "labels": [],
            "log_driver": "json-file",
            "log_opts": {},
            "logs": false,
            "max_retry_count": 0,
            "memory": 0,
            "memory_reservation": 0,
            "memory_swap": 0,
            "mounts": [],
            "must_run": true,
            "name": "jenkins",
            "network_data": [
              {
                "gateway": "172.17.0.1",
                "global_ipv6_address": "",
                "global_ipv6_prefix_length": 0,
                "ip_address": "172.17.0.2",
                "ip_prefix_length": 16,
                "ipv6_gateway": "",
                "mac_address": "ba:15:00:87:d2:d7",
                "network_name": "bridge"
              }
            ],
            "network_mode": "bridge",
            "networks_advanced": [],
            "pid_mode": "",
            "ports": [
              {
                "external": 8080,
                "internal": 8080,
                "ip": "0.0.0.0",
                "protocol": "tcp"
              },
              {
                "external": 50000,
                "internal": 50000,
                "ip": "0.0.0.0",
                "protocol": "tcp"
              }
            ],
            "privileged": false,
            "publish_all_ports": false,
            "read_only": false,
            "remove_volumes": true,
            "restart": "unless-stopped",
            "rm": false,
            "runtime": "runc",
            "security_opts": [],
            "shm_size": 1073741824,
            "start": true,
            "stdin_open": false,
            "stop_signal": "",
            "stop_timeout": 0,
            "storage_opts": {},
            "sysctls": {},
            "tmpfs": {},
            "tty": false,
            "ulimit": [],
            "upload": [],
            "user": "root",
            "userns_mode": "",
            "volumes": [
              {
                "container_path": "/var/jenkins_home",
                "from_container": "",
                "host_path": "",
                "read_only": false,
                "volume_name": "jenkins_home"
              },
              {
                "container_path": "/var/run/docker.sock",
                "from_container": "",
                "host_path": "/var/run/docker.sock",
                "read_only": false,
                "volume_name": ""
              }
            ],
            "wait": false,
            "wait_timeout": 60,
            "working_dir": ""
          },
          "sensitive_attributes": [
            [
              {
                "type": "get_attr",
                "value": "env"
              }
            ]
          ],
          "identity_schema_version": 0,
          "private": "eyJzY2hlbWFfdmVyc2lvbiI6IjIifQ==",
          "dependencies": [
            "module.docker.null_resource.docker_install",
            "module.jenkins.docker_image.jenkins",
            "module.jenkins.docker_volume.jenkins_home"
          ]
        }
      ]
    },
    {
      "module": "module.jenkins",
      "mode": "managed",
      "type": "docker_image",
      "name": "jenkins",
      "provider": "provider[\"registry.terraform.io/kreuzwerker/docker\"]",
      "instances": [
        {
          "schema_version": 0,
          "attributes": {
            "build": [
              {
                "additional_contexts": [],
                "auth_config": [],
                "build_args": {},
                "build_id": "",
                "build_log_file": "",
                "builder": "",
                "cache_from": [],
                "cache_to": [],
                "cgroup_parent": "",
                "context": "modules/jenkins",
                "cpu_period": 0,
                "cpu_quota": 0,
                "cpu_set_cpus": "",
                "cpu_set_mems": "",
                "cpu_shares": 0,
                "dockerfile": "Dockerfile",
                "extra_hosts": [],
                "force_remove": false,
                "isolation": "",
                "label": {},
                "labels": {},
                "memory": 0,
                "memory_swap": 0,
                "network_mode": "",
                "no_cache": false,
                "platform": "",
                "pull_parent": false,
                "remote_context": "",
                "remove": true,
                "secrets": [],
                "security_opt": [],
                "session_id": "",
                "shm_size": 0,
                "squash": false,
                "suppress_output": false,
                "tag": [],
                "target": "",
                "ulimit": [],
                "version": ""
              }
            ],
            "force_remove": null,
            "id": "sha256:70184eeb1e2c4df374acf39dbddcffdc90b1c29aac8adbdd4ecb5f7b8aaf1584earn-jenkins:lts",
            "image_id": "sha256:70184eeb1e2c4df374acf39dbddcffdc90b1c29aac8adbdd4ecb5f7b8aaf1584",
            "keep_locally": true,
            "name": "earn-jenkins:lts",
            "platform": null,
            "pull_triggers": null,
            "repo_digest": "earn-jenkins@sha256:70184eeb1e2c4df374acf39dbddcffdc90b1c29aac8adbdd4ecb5f7b8aaf1584",
            "timeouts": null,
            "triggers": null
          },
          "sensitive_attributes": [],
          "identity_schema_version": 0,
          "private": "eyJlMmJmYjczMC1lY2FhLTExZTYtOGY4OC0zNDM2M2JjN2M0YzAiOnsiY3JlYXRlIjoxMjAwMDAwMDAwMDAwLCJkZWxldGUiOjEyMDAwMDAwMDAwMDAsInVwZGF0ZSI6MTIwMDAwMDAwMDAwMH19",
          "dependencies": [
            "module.docker.null_resource.docker_install"
          ]
        }
      ]
    },
    {
      "module": "module.jenkins",
      "mode": "managed",
      "type": "docker_volume",
      "name": "jenkins_home",
      "provider": "provider[\"registry.terraform.io/kreuzwerker/docker\"]",
      "instances": [
        {
          "schema_version": 1,
          "attributes": {
            "cluster": [],
            "driver": "local",
            "driver_opts": {},
            "id": "jenkins_home",
            "labels": [],
            "mountpoint": "/var/lib/docker/volumes/jenkins_home/_data",
            "name": "jenkins_home"
          },
          "sensitive_attributes": [],
          "identity_schema_version": 0,
          "private": "eyJzY2hlbWFfdmVyc2lvbiI6IjEifQ==",
          "dependencies": [
            "module.docker.null_resource.docker_install"
          ]
        }
      ]
    },
    {
      "module": "module.loki",
      "mode": "managed",
      "type": "docker_container",
      "name": "this",
      "provider": "provider[\"registry.terraform.io/kreuzwerker/docker\"]",
      "instances": [
        {
          "schema_version": 2,
          "attributes": {
            "attach": false,
            "bridge": "",
            "capabilities": [],
            "cgroup_parent": null,
            "cgroupns_mode": null,
            "command": [
              "-config.file=/etc/loki/config.yml"
            ],
            "container_logs": null,
            "container_read_refresh_timeout_milliseconds": 15000,
            "cpu_period": null,
            "cpu_quota": null,
            "cpu_set": "",
            "cpu_shares": 0,
            "cpus": null,
            "destroy_grace_seconds": null,
            "devices": [],
            "dns": null,
            "dns_opts": null,
            "dns_search": null,
            "domainname": "",
            "entrypoint": [
              "/usr/bin/loki"
            ],
            "env": [],
            "exit_code": null,
            "gpus": null,
            "group_add": null,
            "healthcheck": null,
            "host": [],
            "hostname": "fa6c5e6c5a44",
            "id": "fa6c5e6c5a44893e603d42dca42c1aa4d3f1a4907d23458aa3efd2b121151c6a",
            "image": "grafana/loki:3.5.0",
            "init": false,
            "ipc_mode": "private",
            "labels": [],
            "log_driver": "json-file",
            "log_opts": null,
            "logs": false,
            "max_retry_count": 0,
            "memory": 0,
            "memory_reservation": 0,
            "memory_swap": 0,
            "mounts": [],
            "must_run": true,
            "name": "loki",
            "network_data": [
              {
                "gateway": "172.18.0.1",
                "global_ipv6_address": "",
                "global_ipv6_prefix_length": 0,
                "ip_address": "172.18.0.8",
                "ip_prefix_length": 16,
                "ipv6_gateway": "",
                "mac_address": "4a:d4:5d:21:fd:c2",
                "network_name": "monitoring"
              }
            ],
            "network_mode": "bridge",
            "networks_advanced": [
              {
                "aliases": [],
                "ipv4_address": "",
                "ipv6_address": "",
                "mac_address": "",
                "name": "monitoring"
              }
            ],
            "pid_mode": "",
            "ports": [
              {
                "external": 3100,
                "internal": 3100,
                "ip": "0.0.0.0",
                "protocol": "tcp"
              }
            ],
            "privileged": false,
            "publish_all_ports": false,
            "read_only": false,
            "remove_volumes": true,
            "restart": "unless-stopped",
            "rm": false,
            "runtime": "runc",
            "security_opts": [],
            "shm_size": 64,
            "start": true,
            "stdin_open": false,
            "stop_signal": "",
            "stop_timeout": 0,
            "storage_opts": null,
            "sysctls": null,
            "tmpfs": null,
            "tty": false,
            "ulimit": [],
            "upload": [],
            "user": "10001",
            "userns_mode": "",
            "volumes": [
              {
                "container_path": "/etc/loki/config.yml",
                "from_container": "",
                "host_path": "/home/jafar/DevOps-Automation/DevOps-automation-playground/terraform/training/configs/loki/loki-config.yml",
                "read_only": true,
                "volume_name": ""
              },
              {
                "container_path": "/loki",
                "from_container": "",
                "host_path": "",
                "read_only": null,
                "volume_name": "loki_data"
              }
            ],
            "wait": false,
            "wait_timeout": 60,
            "working_dir": "/"
          },
          "sensitive_attributes": [],
          "identity_schema_version": 0,
          "private": "eyJzY2hlbWFfdmVyc2lvbiI6IjIifQ==",
          "dependencies": [
            "docker_network.monitoring",
            "module.docker.null_resource.docker_install",
            "module.loki.docker_volume.data"
          ]
        }
      ]
    },
    {
      "module": "module.loki",
      "mode": "managed",
      "type": "docker_volume",
      "name": "data",
      "provider": "provider[\"registry.terraform.io/kreuzwerker/docker\"]",
      "instances": [
        {
          "schema_version": 1,
          "attributes": {
            "cluster": [],
            "driver": "local",
            "driver_opts": null,
            "id": "loki_data",
            "labels": [],
            "mountpoint": "/var/lib/docker/volumes/loki_data/_data",
            "name": "loki_data"
          },
          "sensitive_attributes": [],
          "identity_schema_version": 0,
          "private": "eyJzY2hlbWFfdmVyc2lvbiI6IjEifQ==",
          "dependencies": [
            "module.docker.null_resource.docker_install"
          ]
        }
      ]
    },
    {
      "module": "module.opentelemetry",
      "mode": "managed",
      "type": "docker_container",
      "name": "this",
      "provider": "provider[\"registry.terraform.io/kreuzwerker/docker\"]",
      "instances": [
        {
          "schema_version": 2,
          "attributes": {
            "attach": false,
            "bridge": "",
            "capabilities": [],
            "cgroup_parent": null,
            "cgroupns_mode": null,
            "command": [
              "--config=/etc/otelcol/config.yaml"
            ],
            "container_logs": null,
            "container_read_refresh_timeout_milliseconds": 15000,
            "cpu_period": null,
            "cpu_quota": null,
            "cpu_set": "",
            "cpu_shares": 0,
            "cpus": null,
            "destroy_grace_seconds": null,
            "devices": [],
            "dns": null,
            "dns_opts": null,
            "dns_search": null,
            "domainname": "",
            "entrypoint": [
              "/otelcol"
            ],
            "env": [],
            "exit_code": null,
            "gpus": null,
            "group_add": null,
            "healthcheck": null,
            "host": [],
            "hostname": "621c8b3bf99a",
            "id": "621c8b3bf99a286aa80ba442aeda3c934e74e6b38365eceb0a1ffb16c210a09f",
            "image": "otel/opentelemetry-collector:latest",
            "init": false,
            "ipc_mode": "private",
            "labels": [],
            "log_driver": "json-file",
            "log_opts": null,
            "logs": false,
            "max_retry_count": 0,
            "memory": 0,
            "memory_reservation": 0,
            "memory_swap": 0,
            "mounts": [],
            "must_run": true,
            "name": "otel-collector",
            "network_data": [
              {
                "gateway": "172.18.0.1",
                "global_ipv6_address": "",
                "global_ipv6_prefix_length": 0,
                "ip_address": "172.18.0.5",
                "ip_prefix_length": 16,
                "ipv6_gateway": "",
                "mac_address": "6e:02:ac:78:af:d6",
                "network_name": "monitoring"
              }
            ],
            "network_mode": "bridge",
            "networks_advanced": [
              {
                "aliases": [],
                "ipv4_address": "",
                "ipv6_address": "",
                "mac_address": "",
                "name": "monitoring"
              }
            ],
            "pid_mode": "",
            "ports": [
              {
                "external": 4317,
                "internal": 4317,
                "ip": "0.0.0.0",
                "protocol": "tcp"
              },
              {
                "external": 4318,
                "internal": 4318,
                "ip": "0.0.0.0",
                "protocol": "tcp"
              }
            ],
            "privileged": false,
            "publish_all_ports": false,
            "read_only": false,
            "remove_volumes": true,
            "restart": "unless-stopped",
            "rm": false,
            "runtime": "runc",
            "security_opts": [],
            "shm_size": 64,
            "start": true,
            "stdin_open": false,
            "stop_signal": "",
            "stop_timeout": 0,
            "storage_opts": null,
            "sysctls": null,
            "tmpfs": null,
            "tty": false,
            "ulimit": [],
            "upload": [],
            "user": "10001:10001",
            "userns_mode": "",
            "volumes": [
              {
                "container_path": "/etc/otelcol/config.yaml",
                "from_container": "",
                "host_path": "/home/jafar/DevOps-Automation/DevOps-automation-playground/terraform/training/configs/otel/otel-collector-config.yml",
                "read_only": true,
                "volume_name": ""
              }
            ],
            "wait": false,
            "wait_timeout": 60,
            "working_dir": "/"
          },
          "sensitive_attributes": [],
          "identity_schema_version": 0,
          "private": "eyJzY2hlbWFfdmVyc2lvbiI6IjIifQ==",
          "dependencies": [
            "docker_network.monitoring",
            "module.docker.null_resource.docker_install"
          ]
        }
      ]
    },
    {
      "module": "module.prometheus",
      "mode": "managed",
      "type": "docker_container",
      "name": "prometheus",
      "provider": "provider[\"registry.terraform.io/kreuzwerker/docker\"]",
      "instances": [
        {
          "schema_version": 2,
          "attributes": {
            "attach": false,
            "bridge": "",
            "capabilities": [],
            "cgroup_parent": null,
            "cgroupns_mode": null,
            "command": [
              "--config.file=/etc/prometheus/prometheus.yml",
              "--storage.tsdb.path=/prometheus",
              "--storage.tsdb.retention.time=15d"
            ],
            "container_logs": null,
            "container_read_refresh_timeout_milliseconds": 15000,
            "cpu_period": null,
            "cpu_quota": null,
            "cpu_set": "",
            "cpu_shares": 0,
            "cpus": null,
            "destroy_grace_seconds": null,
            "devices": [],
            "dns": null,
            "dns_opts": null,
            "dns_search": null,
            "domainname": "",
            "entrypoint": [
              "/bin/prometheus"
            ],
            "env": [],
            "exit_code": null,
            "gpus": null,
            "group_add": null,
            "healthcheck": null,
            "host": [],
            "hostname": "9f5b2dbe5979",
            "id": "9f5b2dbe59797c001eba8f61d535806f2b7e55c12dff2fef97a50b32f2376ff2",
            "image": "prom/prometheus:latest",
            "init": false,
            "ipc_mode": "private",
            "labels": [],
            "log_driver": "json-file",
            "log_opts": null,
            "logs": false,
            "max_retry_count": 0,
            "memory": 0,
            "memory_reservation": 0,
            "memory_swap": 0,
            "mounts": [],
            "must_run": true,
            "name": "prometheus",
            "network_data": [
              {
                "gateway": "172.18.0.1",
                "global_ipv6_address": "",
                "global_ipv6_prefix_length": 0,
                "ip_address": "172.18.0.10",
                "ip_prefix_length": 16,
                "ipv6_gateway": "",
                "mac_address": "9e:16:0e:6b:1e:e7",
                "network_name": "monitoring"
              }
            ],
            "network_mode": "bridge",
            "networks_advanced": [
              {
                "aliases": [],
                "ipv4_address": "",
                "ipv6_address": "",
                "mac_address": "",
                "name": "monitoring"
              }
            ],
            "pid_mode": "",
            "ports": [
              {
                "external": 9090,
                "internal": 9090,
                "ip": "0.0.0.0",
                "protocol": "tcp"
              }
            ],
            "privileged": false,
            "publish_all_ports": false,
            "read_only": false,
            "remove_volumes": true,
            "restart": "unless-stopped",
            "rm": false,
            "runtime": "runc",
            "security_opts": [],
            "shm_size": 64,
            "start": true,
            "stdin_open": false,
            "stop_signal": "",
            "stop_timeout": 0,
            "storage_opts": null,
            "sysctls": null,
            "tmpfs": null,
            "tty": false,
            "ulimit": [],
            "upload": [],
            "user": "nobody",
            "userns_mode": "",
            "volumes": [
              {
                "container_path": "/etc/prometheus/prometheus.yml",
                "from_container": "",
                "host_path": "/home/jafar/DevOps-Automation/DevOps-automation-playground/terraform/training/prometheus/prometheus.yml",
                "read_only": true,
                "volume_name": ""
              },
              {
                "container_path": "/prometheus",
                "from_container": "",
                "host_path": "",
                "read_only": null,
                "volume_name": "prometheus_data"
              }
            ],
            "wait": false,
            "wait_timeout": 60,
            "working_dir": "/prometheus"
          },
          "sensitive_attributes": [],
          "identity_schema_version": 0,
          "private": "eyJzY2hlbWFfdmVyc2lvbiI6IjIifQ==",
          "dependencies": [
            "docker_network.monitoring",
            "module.docker.null_resource.docker_install",
            "module.prometheus.docker_volume.prometheus_data"
          ]
        }
      ]
    },
    {
      "module": "module.prometheus",
      "mode": "managed",
      "type": "docker_volume",
      "name": "prometheus_data",
      "provider": "provider[\"registry.terraform.io/kreuzwerker/docker\"]",
      "instances": [
        {
          "schema_version": 1,
          "attributes": {
            "cluster": [],
            "driver": "local",
            "driver_opts": null,
            "id": "prometheus_data",
            "labels": [],
            "mountpoint": "/var/lib/docker/volumes/prometheus_data/_data",
            "name": "prometheus_data"
          },
          "sensitive_attributes": [],
          "identity_schema_version": 0,
          "private": "eyJzY2hlbWFfdmVyc2lvbiI6IjEifQ==",
          "dependencies": [
            "module.docker.null_resource.docker_install"
          ]
        }
      ]
    },
    {
      "module": "module.rabbitmq",
      "mode": "managed",
      "type": "docker_container",
      "name": "this",
      "provider": "provider[\"registry.terraform.io/kreuzwerker/docker\"]",
      "instances": [
        {
          "schema_version": 2,
          "attributes": {
            "attach": false,
            "bridge": "",
            "capabilities": [],
            "cgroup_parent": null,
            "cgroupns_mode": null,
            "command": [
              "rabbitmq-server"
            ],
            "container_logs": null,
            "container_read_refresh_timeout_milliseconds": 15000,
            "cpu_period": null,
            "cpu_quota": null,
            "cpu_set": "",
            "cpu_shares": 0,
            "cpus": null,
            "destroy_grace_seconds": null,
            "devices": [],
            "dns": null,
            "dns_opts": null,
            "dns_search": null,
            "domainname": "",
            "entrypoint": [
              "docker-entrypoint.sh"
            ],
            "env": [
              "RABBITMQ_DEFAULT_PASS=ChangeMe@123",
              "RABBITMQ_DEFAULT_USER=admin"
            ],
            "exit_code": null,
            "gpus": null,
            "group_add": null,
            "healthcheck": null,
            "host": [],
            "hostname": "fa3d2bbd7c57",
            "id": "fa3d2bbd7c57fb5ff376e87d40dcda1506501ef7340a0949435b4a9fb3c3acf1",
            "image": "rabbitmq:4-management",
            "init": false,
            "ipc_mode": "private",
            "labels": [],
            "log_driver": "json-file",
            "log_opts": null,
            "logs": false,
            "max_retry_count": 0,
            "memory": 0,
            "memory_reservation": 0,
            "memory_swap": 0,
            "mounts": [],
            "must_run": true,
            "name": "rabbitmq",
            "network_data": [
              {
                "gateway": "172.18.0.1",
                "global_ipv6_address": "",
                "global_ipv6_prefix_length": 0,
                "ip_address": "172.18.0.11",
                "ip_prefix_length": 16,
                "ipv6_gateway": "",
                "mac_address": "4a:57:c9:5f:55:42",
                "network_name": "monitoring"
              }
            ],
            "network_mode": "bridge",
            "networks_advanced": [
              {
                "aliases": [],
                "ipv4_address": "",
                "ipv6_address": "",
                "mac_address": "",
                "name": "monitoring"
              }
            ],
            "pid_mode": "",
            "ports": [
              {
                "external": 5672,
                "internal": 5672,
                "ip": "0.0.0.0",
                "protocol": "tcp"
              },
              {
                "external": 15672,
                "internal": 15672,
                "ip": "0.0.0.0",
                "protocol": "tcp"
              }
            ],
            "privileged": false,
            "publish_all_ports": false,
            "read_only": false,
            "remove_volumes": true,
            "restart": "unless-stopped",
            "rm": false,
            "runtime": "runc",
            "security_opts": [],
            "shm_size": 64,
            "start": true,
            "stdin_open": false,
            "stop_signal": "",
            "stop_timeout": 0,
            "storage_opts": null,
            "sysctls": null,
            "tmpfs": null,
            "tty": false,
            "ulimit": [],
            "upload": [],
            "user": "",
            "userns_mode": "",
            "volumes": [
              {
                "container_path": "/var/lib/rabbitmq",
                "from_container": "",
                "host_path": "",
                "read_only": null,
                "volume_name": "rabbitmq_data"
              }
            ],
            "wait": false,
            "wait_timeout": 60,
            "working_dir": ""
          },
          "sensitive_attributes": [
            [
              {
                "type": "get_attr",
                "value": "env"
              }
            ]
          ],
          "identity_schema_version": 0,
          "private": "eyJzY2hlbWFfdmVyc2lvbiI6IjIifQ==",
          "dependencies": [
            "docker_network.monitoring",
            "module.docker.null_resource.docker_install",
            "module.rabbitmq.docker_volume.data"
          ]
        }
      ]
    },
    {
      "module": "module.rabbitmq",
      "mode": "managed",
      "type": "docker_volume",
      "name": "data",
      "provider": "provider[\"registry.terraform.io/kreuzwerker/docker\"]",
      "instances": [
        {
          "schema_version": 1,
          "attributes": {
            "cluster": [],
            "driver": "local",
            "driver_opts": null,
            "id": "rabbitmq_data",
            "labels": [],
            "mountpoint": "/var/lib/docker/volumes/rabbitmq_data/_data",
            "name": "rabbitmq_data"
          },
          "sensitive_attributes": [],
          "identity_schema_version": 0,
          "private": "eyJzY2hlbWFfdmVyc2lvbiI6IjEifQ==",
          "dependencies": [
            "module.docker.null_resource.docker_install"
          ]
        }
      ]
    },
    {
      "module": "module.redis",
      "mode": "managed",
      "type": "docker_container",
      "name": "this",
      "provider": "provider[\"registry.terraform.io/kreuzwerker/docker\"]",
      "instances": [
        {
          "schema_version": 2,
          "attributes": {
            "attach": false,
            "bridge": "",
            "capabilities": [],
            "cgroup_parent": null,
            "cgroupns_mode": null,
            "command": [
              "redis-server",
              "--appendonly",
              "yes"
            ],
            "container_logs": null,
            "container_read_refresh_timeout_milliseconds": 15000,
            "cpu_period": null,
            "cpu_quota": null,
            "cpu_set": "",
            "cpu_shares": 0,
            "cpus": null,
            "destroy_grace_seconds": null,
            "devices": [],
            "dns": null,
            "dns_opts": null,
            "dns_search": null,
            "domainname": "",
            "entrypoint": [
              "docker-entrypoint.sh"
            ],
            "env": [],
            "exit_code": null,
            "gpus": null,
            "group_add": null,
            "healthcheck": null,
            "host": [],
            "hostname": "8381b813b2bf",
            "id": "8381b813b2bf3e308554cc0402e7033ab4dca71011da52d0cba50e4988f4f852",
            "image": "redis:7-alpine",
            "init": false,
            "ipc_mode": "private",
            "labels": [],
            "log_driver": "json-file",
            "log_opts": null,
            "logs": false,
            "max_retry_count": 0,
            "memory": 0,
            "memory_reservation": 0,
            "memory_swap": 0,
            "mounts": [],
            "must_run": true,
            "name": "redis",
            "network_data": [
              {
                "gateway": "172.18.0.1",
                "global_ipv6_address": "",
                "global_ipv6_prefix_length": 0,
                "ip_address": "172.18.0.7",
                "ip_prefix_length": 16,
                "ipv6_gateway": "",
                "mac_address": "62:1e:65:7d:66:77",
                "network_name": "monitoring"
              }
            ],
            "network_mode": "bridge",
            "networks_advanced": [
              {
                "aliases": [],
                "ipv4_address": "",
                "ipv6_address": "",
                "mac_address": "",
                "name": "monitoring"
              }
            ],
            "pid_mode": "",
            "ports": [
              {
                "external": 6379,
                "internal": 6379,
                "ip": "0.0.0.0",
                "protocol": "tcp"
              }
            ],
            "privileged": false,
            "publish_all_ports": false,
            "read_only": false,
            "remove_volumes": true,
            "restart": "unless-stopped",
            "rm": false,
            "runtime": "runc",
            "security_opts": [],
            "shm_size": 64,
            "start": true,
            "stdin_open": false,
            "stop_signal": "",
            "stop_timeout": 0,
            "storage_opts": null,
            "sysctls": null,
            "tmpfs": null,
            "tty": false,
            "ulimit": [],
            "upload": [],
            "user": "",
            "userns_mode": "",
            "volumes": [
              {
                "container_path": "/data",
                "from_container": "",
                "host_path": "",
                "read_only": null,
                "volume_name": "redis_data"
              }
            ],
            "wait": false,
            "wait_timeout": 60,
            "working_dir": "/data"
          },
          "sensitive_attributes": [],
          "identity_schema_version": 0,
          "private": "eyJzY2hlbWFfdmVyc2lvbiI6IjIifQ==",
          "dependencies": [
            "docker_network.monitoring",
            "module.docker.null_resource.docker_install",
            "module.redis.docker_volume.data"
          ]
        }
      ]
    },
    {
      "module": "module.redis",
      "mode": "managed",
      "type": "docker_volume",
      "name": "data",
      "provider": "provider[\"registry.terraform.io/kreuzwerker/docker\"]",
      "instances": [
        {
          "schema_version": 1,
          "attributes": {
            "cluster": [],
            "driver": "local",
            "driver_opts": null,
            "id": "redis_data",
            "labels": [],
            "mountpoint": "/var/lib/docker/volumes/redis_data/_data",
            "name": "redis_data"
          },
          "sensitive_attributes": [],
          "identity_schema_version": 0,
          "private": "eyJzY2hlbWFfdmVyc2lvbiI6IjEifQ==",
          "dependencies": [
            "module.docker.null_resource.docker_install"
          ]
        }
      ]
    },
    {
      "module": "module.registry",
      "mode": "managed",
      "type": "docker_container",
      "name": "this",
      "provider": "provider[\"registry.terraform.io/kreuzwerker/docker\"]",
      "instances": [
        {
          "schema_version": 2,
          "attributes": {
            "attach": false,
            "bridge": "",
            "capabilities": [],
            "cgroup_parent": null,
            "cgroupns_mode": null,
            "command": [
              "/etc/distribution/config.yml"
            ],
            "container_logs": null,
            "container_read_refresh_timeout_milliseconds": 15000,
            "cpu_period": null,
            "cpu_quota": null,
            "cpu_set": "",
            "cpu_shares": 0,
            "cpus": null,
            "destroy_grace_seconds": null,
            "devices": [],
            "dns": null,
            "dns_opts": null,
            "dns_search": null,
            "domainname": "",
            "entrypoint": [
              "/entrypoint.sh"
            ],
            "env": [],
            "exit_code": null,
            "gpus": null,
            "group_add": null,
            "healthcheck": null,
            "host": [],
            "hostname": "5c3d6f2dfbd0",
            "id": "5c3d6f2dfbd0eddcd99994e575d90724ac576aac03b2df1ecffcce8c7b855dea",
            "image": "registry:3",
            "init": false,
            "ipc_mode": "private",
            "labels": [],
            "log_driver": "json-file",
            "log_opts": null,
            "logs": false,
            "max_retry_count": 0,
            "memory": 0,
            "memory_reservation": 0,
            "memory_swap": 0,
            "mounts": [],
            "must_run": true,
            "name": "registry",
            "network_data": [
              {
                "gateway": "172.18.0.1",
                "global_ipv6_address": "",
                "global_ipv6_prefix_length": 0,
                "ip_address": "172.18.0.6",
                "ip_prefix_length": 16,
                "ipv6_gateway": "",
                "mac_address": "56:3f:1b:d8:d9:9a",
                "network_name": "monitoring"
              }
            ],
            "network_mode": "bridge",
            "networks_advanced": [
              {
                "aliases": [],
                "ipv4_address": "",
                "ipv6_address": "",
                "mac_address": "",
                "name": "monitoring"
              }
            ],
            "pid_mode": "",
            "ports": [
              {
                "external": 5000,
                "internal": 5000,
                "ip": "0.0.0.0",
                "protocol": "tcp"
              }
            ],
            "privileged": false,
            "publish_all_ports": false,
            "read_only": false,
            "remove_volumes": true,
            "restart": "unless-stopped",
            "rm": false,
            "runtime": "runc",
            "security_opts": [],
            "shm_size": 64,
            "start": true,
            "stdin_open": false,
            "stop_signal": "",
            "stop_timeout": 0,
            "storage_opts": null,
            "sysctls": null,
            "tmpfs": null,
            "tty": false,
            "ulimit": [],
            "upload": [],
            "user": "",
            "userns_mode": "",
            "volumes": [
              {
                "container_path": "/var/lib/registry",
                "from_container": "",
                "host_path": "",
                "read_only": null,
                "volume_name": "registry_data"
              }
            ],
            "wait": false,
            "wait_timeout": 60,
            "working_dir": "/"
          },
          "sensitive_attributes": [],
          "identity_schema_version": 0,
          "private": "eyJzY2hlbWFfdmVyc2lvbiI6IjIifQ==",
          "dependencies": [
            "docker_network.monitoring",
            "module.docker.null_resource.docker_install",
            "module.registry.docker_volume.data"
          ]
        }
      ]
    },
    {
      "module": "module.registry",
      "mode": "managed",
      "type": "docker_volume",
      "name": "data",
      "provider": "provider[\"registry.terraform.io/kreuzwerker/docker\"]",
      "instances": [
        {
          "schema_version": 1,
          "attributes": {
            "cluster": [],
            "driver": "local",
            "driver_opts": null,
            "id": "registry_data",
            "labels": [],
            "mountpoint": "/var/lib/docker/volumes/registry_data/_data",
            "name": "registry_data"
          },
          "sensitive_attributes": [],
          "identity_schema_version": 0,
          "private": "eyJzY2hlbWFfdmVyc2lvbiI6IjEifQ==",
          "dependencies": [
            "module.docker.null_resource.docker_install"
          ]
        }
      ]
    },
    {
      "module": "module.sqlserver",
      "mode": "managed",
      "type": "docker_container",
      "name": "sqlserver",
      "provider": "provider[\"registry.terraform.io/kreuzwerker/docker\"]",
      "instances": [
        {
          "schema_version": 2,
          "attributes": {
            "attach": false,
            "bridge": "",
            "capabilities": [],
            "cgroup_parent": null,
            "cgroupns_mode": null,
            "command": [
              "/opt/mssql/bin/sqlservr"
            ],
            "container_logs": null,
            "container_read_refresh_timeout_milliseconds": 15000,
            "cpu_period": null,
            "cpu_quota": null,
            "cpu_set": "",
            "cpu_shares": 0,
            "cpus": null,
            "destroy_grace_seconds": null,
            "devices": [],
            "dns": null,
            "dns_opts": null,
            "dns_search": null,
            "domainname": "",
            "entrypoint": [
              "/opt/mssql/bin/launch_sqlservr.sh"
            ],
            "env": [
              "ACCEPT_EULA=Y",
              "MSSQL_PID=Express",
              "MSSQL_SA_PASSWORD=YourStrongPassword123!"
            ],
            "exit_code": null,
            "gpus": null,
            "group_add": null,
            "healthcheck": null,
            "host": [],
            "hostname": "59353b3ab265",
            "id": "59353b3ab26504f855045eb879d8c4cbc3620bec01d3a30659f695ce4d8f5f5d",
            "image": "sha256:ba4c8329f48fb8f02e1416be6a930ebfd71268caee78aa985f3af4315e457c89",
            "init": false,
            "ipc_mode": "private",
            "labels": [],
            "log_driver": "json-file",
            "log_opts": null,
            "logs": false,
            "max_retry_count": 0,
            "memory": 0,
            "memory_reservation": 0,
            "memory_swap": 0,
            "mounts": [],
            "must_run": true,
            "name": "sqlserver-express",
            "network_data": [
              {
                "gateway": "172.17.0.1",
                "global_ipv6_address": "",
                "global_ipv6_prefix_length": 0,
                "ip_address": "172.17.0.3",
                "ip_prefix_length": 16,
                "ipv6_gateway": "",
                "mac_address": "02:a5:ef:45:f5:08",
                "network_name": "bridge"
              }
            ],
            "network_mode": "bridge",
            "networks_advanced": [],
            "pid_mode": "",
            "ports": [
              {
                "external": 1433,
                "internal": 1433,
                "ip": "0.0.0.0",
                "protocol": "tcp"
              }
            ],
            "privileged": false,
            "publish_all_ports": false,
            "read_only": false,
            "remove_volumes": true,
            "restart": "unless-stopped",
            "rm": false,
            "runtime": "runc",
            "security_opts": [],
            "shm_size": 1073741824,
            "start": true,
            "stdin_open": false,
            "stop_signal": "",
            "stop_timeout": 0,
            "storage_opts": null,
            "sysctls": null,
            "tmpfs": null,
            "tty": false,
            "ulimit": [],
            "upload": [],
            "user": "mssql",
            "userns_mode": "",
            "volumes": [
              {
                "container_path": "/var/opt/mssql",
                "from_container": "",
                "host_path": "",
                "read_only": null,
                "volume_name": "sqlserver_data"
              }
            ],
            "wait": false,
            "wait_timeout": 60,
            "working_dir": ""
          },
          "sensitive_attributes": [
            [
              {
                "type": "get_attr",
                "value": "env"
              }
            ]
          ],
          "identity_schema_version": 0,
          "private": "eyJzY2hlbWFfdmVyc2lvbiI6IjIifQ==",
          "dependencies": [
            "module.docker.null_resource.docker_install",
            "module.sqlserver.docker_image.sqlserver",
            "module.sqlserver.docker_volume.sqlserver_data"
          ]
        }
      ]
    },
    {
      "module": "module.sqlserver",
      "mode": "managed",
      "type": "docker_image",
      "name": "sqlserver",
      "provider": "provider[\"registry.terraform.io/kreuzwerker/docker\"]",
      "instances": [
        {
          "schema_version": 0,
          "attributes": {
            "build": [],
            "force_remove": null,
            "id": "sha256:ba4c8329f48fb8f02e1416be6a930ebfd71268caee78aa985f3af4315e457c89mcr.microsoft.com/mssql/server:2022-latest",
            "image_id": "sha256:ba4c8329f48fb8f02e1416be6a930ebfd71268caee78aa985f3af4315e457c89",
            "keep_locally": true,
            "name": "mcr.microsoft.com/mssql/server:2022-latest",
            "platform": null,
            "pull_triggers": null,
            "repo_digest": "mcr.microsoft.com/mssql/server@sha256:ba4c8329f48fb8f02e1416be6a930ebfd71268caee78aa985f3af4315e457c89",
            "timeouts": null,
            "triggers": null
          },
          "sensitive_attributes": [],
          "identity_schema_version": 0,
          "private": "eyJlMmJmYjczMC1lY2FhLTExZTYtOGY4OC0zNDM2M2JjN2M0YzAiOnsiY3JlYXRlIjoxMjAwMDAwMDAwMDAwLCJkZWxldGUiOjEyMDAwMDAwMDAwMDAsInVwZGF0ZSI6MTIwMDAwMDAwMDAwMH19",
          "dependencies": [
            "module.docker.null_resource.docker_install"
          ]
        }
      ]
    },
    {
      "module": "module.sqlserver",
      "mode": "managed",
      "type": "docker_volume",
      "name": "sqlserver_data",
      "provider": "provider[\"registry.terraform.io/kreuzwerker/docker\"]",
      "instances": [
        {
          "schema_version": 1,
          "attributes": {
            "cluster": [],
            "driver": "local",
            "driver_opts": null,
            "id": "sqlserver_data",
            "labels": [],
            "mountpoint": "/var/lib/docker/volumes/sqlserver_data/_data",
            "name": "sqlserver_data"
          },
          "sensitive_attributes": [],
          "identity_schema_version": 0,
          "private": "eyJzY2hlbWFfdmVyc2lvbiI6IjEifQ==",
          "dependencies": [
            "module.docker.null_resource.docker_install"
          ]
        }
      ]
    },
    {
      "module": "module.vault",
      "mode": "managed",
      "type": "docker_container",
      "name": "this",
      "provider": "provider[\"registry.terraform.io/kreuzwerker/docker\"]",
      "instances": [
        {
          "schema_version": 2,
          "attributes": {
            "attach": false,
            "bridge": "",
            "capabilities": [],
            "cgroup_parent": null,
            "cgroupns_mode": null,
            "command": [
              "server",
              "-dev"
            ],
            "container_logs": null,
            "container_read_refresh_timeout_milliseconds": 15000,
            "cpu_period": null,
            "cpu_quota": null,
            "cpu_set": "",
            "cpu_shares": 0,
            "cpus": null,
            "destroy_grace_seconds": null,
            "devices": [],
            "dns": null,
            "dns_opts": null,
            "dns_search": null,
            "domainname": "",
            "entrypoint": [
              "docker-entrypoint.sh"
            ],
            "env": [
              "VAULT_DEV_LISTEN_ADDRESS=0.0.0.0:8200",
              "VAULT_DEV_ROOT_TOKEN_ID=dev-root-token"
            ],
            "exit_code": null,
            "gpus": null,
            "group_add": null,
            "healthcheck": null,
            "host": [],
            "hostname": "fbcaa9efe8a9",
            "id": "fbcaa9efe8a9f653628e3fd0c1cb2262dd572bdb2b82a85087d01afb62a39bfe",
            "image": "hashicorp/vault:latest",
            "init": false,
            "ipc_mode": "private",
            "labels": [],
            "log_driver": "json-file",
            "log_opts": null,
            "logs": false,
            "max_retry_count": 0,
            "memory": 0,
            "memory_reservation": 0,
            "memory_swap": 0,
            "mounts": [],
            "must_run": true,
            "name": "vault",
            "network_data": [
              {
                "gateway": "172.18.0.1",
                "global_ipv6_address": "",
                "global_ipv6_prefix_length": 0,
                "ip_address": "172.18.0.4",
                "ip_prefix_length": 16,
                "ipv6_gateway": "",
                "mac_address": "e2:fb:1c:9c:3e:fc",
                "network_name": "monitoring"
              }
            ],
            "network_mode": "bridge",
            "networks_advanced": [
              {
                "aliases": [],
                "ipv4_address": "",
                "ipv6_address": "",
                "mac_address": "",
                "name": "monitoring"
              }
            ],
            "pid_mode": "",
            "ports": [
              {
                "external": 8200,
                "internal": 8200,
                "ip": "0.0.0.0",
                "protocol": "tcp"
              }
            ],
            "privileged": false,
            "publish_all_ports": false,
            "read_only": false,
            "remove_volumes": true,
            "restart": "unless-stopped",
            "rm": false,
            "runtime": "runc",
            "security_opts": [],
            "shm_size": 64,
            "start": true,
            "stdin_open": false,
            "stop_signal": "",
            "stop_timeout": 0,
            "storage_opts": null,
            "sysctls": null,
            "tmpfs": null,
            "tty": false,
            "ulimit": [],
            "upload": [],
            "user": "vault",
            "userns_mode": "",
            "volumes": [
              {
                "container_path": "/vault/file",
                "from_container": "",
                "host_path": "",
                "read_only": null,
                "volume_name": "vault_data"
              }
            ],
            "wait": false,
            "wait_timeout": 60,
            "working_dir": "/"
          },
          "sensitive_attributes": [],
          "identity_schema_version": 0,
          "private": "eyJzY2hlbWFfdmVyc2lvbiI6IjIifQ==",
          "dependencies": [
            "docker_network.monitoring",
            "module.docker.null_resource.docker_install",
            "module.vault.docker_volume.data"
          ]
        }
      ]
    },
    {
      "module": "module.vault",
      "mode": "managed",
      "type": "docker_volume",
      "name": "data",
      "provider": "provider[\"registry.terraform.io/kreuzwerker/docker\"]",
      "instances": [
        {
          "schema_version": 1,
          "attributes": {
            "cluster": [],
            "driver": "local",
            "driver_opts": null,
            "id": "vault_data",
            "labels": [],
            "mountpoint": "/var/lib/docker/volumes/vault_data/_data",
            "name": "vault_data"
          },
          "sensitive_attributes": [],
          "identity_schema_version": 0,
          "private": "eyJzY2hlbWFfdmVyc2lvbiI6IjEifQ==",
          "dependencies": [
            "module.docker.null_resource.docker_install"
          ]
        }
      ]
    }
  ],
  "check_results": [
    {
      "object_kind": "var",
      "config_addr": "var.sqlserver_sa_password",
      "status": "unknown",
      "objects": null
    },
    {
      "object_kind": "var",
      "config_addr": "module.sqlserver.var.sa_password",
      "status": "unknown",
      "objects": null
    },
    {
      "object_kind": "var",
      "config_addr": "module.sqlserver.var.edition",
      "status": "unknown",
      "objects": null
    }
  ]
}
